# generated by rye
# use `rye lock` or `rye sync` to update this lockfile
#
# last locked with the following flags:
#   pre: false
#   features: []
#   all-features: false
#   with-sources: false
#   generate-hashes: false

-e file:.
anyio==4.6.2.post1
    # via httpx
certifi==2024.8.30
    # via httpcore
    # via httpx
exceptiongroup==1.2.2
    # via anyio
h11==0.14.0
    # via httpcore
httpcore==1.0.6
    # via httpx
httpx==0.27.2
    # via codeboxapi
idna==3.10
    # via anyio
    # via httpx
sniffio==1.3.1
    # via anyio
    # via httpx
typing-extensions==4.12.2
    # via anyio
